
Microsoft Visual Studio Solution File, Format Version 12.00
# Visual Studio Version 17
VisualStudioVersion = 17.7.34031.279
MinimumVisualStudioVersion = 10.0.40219.1
Project("{FAE04EC0-301F-11D3-BF4B-00C04F79EFBC}") = "LibManagement", "LibManagement.csproj", "{428B0D01-98D3-45E6-8917-2818338557E7}"
EndProject
Global
	GlobalSection(SolutionConfigurationPlatforms) = preSolution
		Debug|Any CPU = Debug|Any CPU
		Release|Any CPU = Release|Any CPU
	EndGlobalSection
	GlobalSection(ProjectConfigurationPlatforms) = postSolution
		{428B0D01-98D3-45E6-8917-2818338557E7}.Debug|Any CPU.ActiveCfg = Debug|Any CPU
		{428B0D01-98D3-45E6-8917-2818338557E7}.Debug|Any CPU.Build.0 = Debug|Any CPU
		{428B0D01-98D3-45E6-8917-2818338557E7}.Release|Any CPU.ActiveCfg = Release|Any CPU
		{428B0D01-98D3-45E6-8917-2818338557E7}.Release|Any CPU.Build.0 = Release|Any CPU
	EndGlobalSection
	GlobalSection(SolutionProperties) = preSolution
		HideSolutionNode = FALSE
	EndGlobalSection
	GlobalSection(ExtensibilityGlobals) = postSolution
		SolutionGuid = {F25CAAE4-BD26-4448-B5E0-E9095895136E}
	EndGlobalSection
EndGlobal
